{
    "_readme": [
        "This file locks the dependencies of your project to a known state",
        "Read more about it at http://getcomposer.org/doc/01-basic-usage.md#composer-lock-the-lock-file",
        "This file is @generated automatically"
    ],
    "hash": "02ff1ee6132cef48d580fd8516393b57",
    "packages": [
        {
            "name": "dts/ebay-sdk",
            "version": "0.1.2",
            "source": {
                "type": "git",
                "url": "https://github.com/davidtsadler/ebay-sdk.git",
                "reference": "4e16d7d1e0215dae696f1e2e4a6225e143eeb45f"
            },
            "dist": {
                "type": "zip",
                "url": "https://api.github.com/repos/davidtsadler/ebay-sdk/zipball/4e16d7d1e0215dae696f1e2e4a6225e143eeb45f",
                "reference": "4e16d7d1e0215dae696f1e2e4a6225e143eeb45f",
                "shasum": ""
            },
            "require": {
                "guzzle/guzzle": "~3.7",
                "php": ">=5.3.9",
                "psr/log": "~1.0"
            },
            "require-dev": {
                "phpunit/phpunit": "~3.7.0"
            },
            "type": "library",
            "autoload": {
                "psr-0": {
                    "DTS\\eBaySDK\\": "src/",
                    "DTS\\eBaySDK\\Mocks\\": "test/"
                }
            },
            "notification-url": "https://packagist.org/downloads/",
            "license": [
                "Apache-2.0"
            ],
            "authors": [
                {
                    "name": "David T. Sadler",
                    "email": "davidtsadler@googlemail.com",
                    "homepage": "http://davidtsadler.com"
                }
            ],
            "description": "An eBay SDK for PHP. Use the eBay API in your PHP projects.",
            "homepage": "http://devbay.net/",
            "keywords": [
                "api",
                "ebay",
                "sdk"
            ],
            "time": "2014-08-25 11:40:05"
        },
        {
            "name": "dts/ebay-sdk-finding",
            "version": "0.1.3",
            "source": {
                "type": "git",
                "url": "https://github.com/davidtsadler/ebay-sdk-finding.git",
                "reference": "4d4ee000bec5e9909d68d77577cc33f2ccc2c3bd"
            },
            "dist": {
                "type": "zip",
                "url": "https://api.github.com/repos/davidtsadler/ebay-sdk-finding/zipball/4d4ee000bec5e9909d68d77577cc33f2ccc2c3bd",
                "reference": "4d4ee000bec5e9909d68d77577cc33f2ccc2c3bd",
                "shasum": ""
            },
            "require": {
                "dts/ebay-sdk": "~0.1",
                "php": ">=5.3.9"
            },
            "require-dev": {
                "phpunit/phpunit": "~3.7.0"
            },
            "type": "library",
            "autoload": {
                "psr-0": {
                    "DTS\\eBaySDK\\Finding\\": "src/",
                    "DTS\\eBaySDK\\Finding\\Mocks\\": "test/"
                }
            },
            "notification-url": "https://packagist.org/downloads/",
            "license": [
                "Apache-2.0"
            ],
            "authors": [
                {
                    "name": "David T. Sadler",
                    "email": "davidtsadler@googlemail.com",
                    "homepage": "http://davidtsadler.com"
                }
            ],
            "description": "An eBay SDK for PHP. Use the eBay Finding API in your PHP projects.",
            "homepage": "http://devbay.net/",
            "keywords": [
                "api",
                "ebay",
                "sdk"
            ],
            "time": "2014-08-25 13:01:52"
        },
        {
            "name": "dts/ebay-sdk-shopping",
            "version": "0.3.0",
            "source": {
                "type": "git",
                "url": "https://github.com/davidtsadler/ebay-sdk-shopping.git",
                "reference": "5f55699789edddaf470f57e47713bf9f792258fb"
            },
            "dist": {
                "type": "zip",
                "url": "https://api.github.com/repos/davidtsadler/ebay-sdk-shopping/zipball/5f55699789edddaf470f57e47713bf9f792258fb",
                "reference": "5f55699789edddaf470f57e47713bf9f792258fb",
                "shasum": ""
            },
            "require": {
                "dts/ebay-sdk": "~0.1",
                "php": ">=5.3.9"
            },
            "require-dev": {
                "phpunit/phpunit": "~3.7.0"
            },
            "type": "library",
            "autoload": {
                "psr-0": {
                    "DTS\\eBaySDK\\Shopping\\": "src/",
                    "DTS\\eBaySDK\\Shopping\\Mocks\\": "test/"
                }
            },
            "notification-url": "https://packagist.org/downloads/",
            "license": [
                "Apache-2.0"
            ],
            "authors": [
                {
                    "name": "David T. Sadler",
                    "email": "davidtsadler@googlemail.com",
                    "homepage": "http://davidtsadler.com"
                }
            ],
            "description": "An eBay SDK for PHP. Use the eBay Shopping API in your PHP projects.",
            "homepage": "http://devbay.net/",
            "keywords": [
                "api",
                "ebay",
                "sdk"
            ],
            "time": "2014-09-10 20:20:20"
        },
        {
            "name": "guzzle/guzzle",
            "version": "v3.9.2",
            "source": {
                "type": "git",
                "url": "https://github.com/guzzle/guzzle3.git",
                "reference": "54991459675c1a2924122afbb0e5609ade581155"
            },
            "dist": {
                "type": "zip",
                "url": "https://api.github.com/repos/guzzle/guzzle3/zipball/54991459675c1a2924122afbb0e5609ade581155",
                "reference": "54991459675c1a2924122afbb0e5609ade581155",
                "shasum": ""
            },
            "require": {
                "ext-curl": "*",
                "php": ">=5.3.3",
                "symfony/event-dispatcher": "~2.1"
            },
            "replace": {
                "guzzle/batch": "self.version",
                "guzzle/cache": "self.version",
                "guzzle/common": "self.version",
                "guzzle/http": "self.version",
                "guzzle/inflection": "self.version",
                "guzzle/iterator": "self.version",
                "guzzle/log": "self.version",
                "guzzle/parser": "self.version",
                "guzzle/plugin": "self.version",
                "guzzle/plugin-async": "self.version",
                "guzzle/plugin-backoff": "self.version",
                "guzzle/plugin-cache": "self.version",
                "guzzle/plugin-cookie": "self.version",
                "guzzle/plugin-curlauth": "self.version",
                "guzzle/plugin-error-response": "self.version",
                "guzzle/plugin-history": "self.version",
                "guzzle/plugin-log": "self.version",
                "guzzle/plugin-md5": "self.version",
                "guzzle/plugin-mock": "self.version",
                "guzzle/plugin-oauth": "self.version",
                "guzzle/service": "self.version",
                "guzzle/stream": "self.version"
            },
            "require-dev": {
                "doctrine/cache": "~1.3",
                "monolog/monolog": "~1.0",
                "phpunit/phpunit": "3.7.*",
                "psr/log": "~1.0",
                "symfony/class-loader": "~2.1",
                "zendframework/zend-cache": "2.*,<2.3",
                "zendframework/zend-log": "2.*,<2.3"
            },
            "type": "library",
            "extra": {
                "branch-alias": {
                    "dev-master": "3.9-dev"
                }
            },
            "autoload": {
                "psr-0": {
                    "Guzzle": "src/",
                    "Guzzle\\Tests": "tests/"
                }
            },
            "notification-url": "https://packagist.org/downloads/",
            "license": [
                "MIT"
            ],
            "authors": [
                {
                    "name": "Michael Dowling",
                    "email": "mtdowling@gmail.com",
                    "homepage": "https://github.com/mtdowling"
                },
                {
                    "name": "Guzzle Community",
                    "homepage": "https://github.com/guzzle/guzzle/contributors"
                }
            ],
            "description": "Guzzle is a PHP HTTP client library and framework for building RESTful web service clients",
            "homepage": "http://guzzlephp.org/",
            "keywords": [
                "client",
                "curl",
                "framework",
                "http",
                "http client",
                "rest",
                "web service"
            ],
            "time": "2014-08-11 04:32:36"
        },
        {
            "name": "psr/log",
            "version": "1.0.0",
            "source": {
                "type": "git",
                "url": "https://github.com/php-fig/log.git",
                "reference": "fe0936ee26643249e916849d48e3a51d5f5e278b"
            },
            "dist": {
                "type": "zip",
                "url": "https://api.github.com/repos/php-fig/log/zipball/fe0936ee26643249e916849d48e3a51d5f5e278b",
                "reference": "fe0936ee26643249e916849d48e3a51d5f5e278b",
                "shasum": ""
            },
            "type": "library",
            "autoload": {
                "psr-0": {
                    "Psr\\Log\\": ""
                }
            },
            "notification-url": "https://packagist.org/downloads/",
            "license": [
                "MIT"
            ],
            "authors": [
                {
                    "name": "PHP-FIG",
                    "homepage": "http://www.php-fig.org/"
                }
            ],
            "description": "Common interface for logging libraries",
            "keywords": [
                "log",
                "psr",
                "psr-3"
            ],
            "time": "2012-12-21 11:40:51"
        },
        {
            "name": "symfony/event-dispatcher",
            "version": "v2.5.6",
            "target-dir": "Symfony/Component/EventDispatcher",
            "source": {
                "type": "git",
                "url": "https://github.com/symfony/EventDispatcher.git",
                "reference": "804eb28dbbfba9ffdab21fe2066744906cea2212"
            },
            "dist": {
                "type": "zip",
                "url": "https://api.github.com/repos/symfony/EventDispatcher/zipball/804eb28dbbfba9ffdab21fe2066744906cea2212",
                "reference": "804eb28dbbfba9ffdab21fe2066744906cea2212",
                "shasum": ""
            },
            "require": {
                "php": ">=5.3.3"
            },
            "require-dev": {
                "psr/log": "~1.0",
                "symfony/config": "~2.0",
                "symfony/dependency-injection": "~2.0,<2.6.0",
                "symfony/stopwatch": "~2.2"
            },
            "suggest": {
                "symfony/dependency-injection": "",
                "symfony/http-kernel": ""
            },
            "type": "library",
            "extra": {
                "branch-alias": {
                    "dev-master": "2.5-dev"
                }
            },
            "autoload": {
                "psr-0": {
                    "Symfony\\Component\\EventDispatcher\\": ""
                }
            },
            "notification-url": "https://packagist.org/downloads/",
            "license": [
                "MIT"
            ],
            "authors": [
                {
                    "name": "Symfony Community",
                    "homepage": "http://symfony.com/contributors"
                },
                {
                    "name": "Fabien Potencier",
                    "email": "fabien@symfony.com"
                }
            ],
            "description": "Symfony EventDispatcher Component",
            "homepage": "http://symfony.com",
            "time": "2014-10-01 15:43:05"
        }
    ],
    "packages-dev": [],
    "aliases": [],
    "minimum-stability": "stable",
    "stability-flags": [],
    "prefer-stable": false,
    "platform": [],
    "platform-dev": []
}
